
Microsoft Visual Studio Solution File, Format Version 12.00
# Visual Studio Version 17
VisualStudioVersion = 17.0.31903.59
MinimumVisualStudioVersion = 10.0.40219.1
Project("{FAE04EC0-301F-11D3-BF4B-00C04F79EFBC}") = "TwitterApi", "TwitterApi\TwitterApi.csproj", "{56DA1BD8-07AB-400A-BA1A-AB63224FA913}"
EndProject
Project("{FAE04EC0-301F-11D3-BF4B-00C04F79EFBC}") = "Application", "Application\Application.csproj", "{A6B5696A-5379-46A2-9223-3D5E3816A2E7}"
EndProject
Project("{FAE04EC0-301F-11D3-BF4B-00C04F79EFBC}") = "Domain", "Domain\Domain.csproj", "{0D9177DD-5D99-43A2-BDC9-0F7BE753012A}"
EndProject
Project("{FAE04EC0-301F-11D3-BF4B-00C04F79EFBC}") = "Persistence", "Persistence\Persistence.csproj", "{24CC7CC0-D197-4760-A24B-A0B557E06B41}"
EndProject
Global
	GlobalSection(SolutionConfigurationPlatforms) = preSolution
		Debug|Any CPU = Debug|Any CPU
		Debug|x64 = Debug|x64
		Debug|x86 = Debug|x86
		Release|Any CPU = Release|Any CPU
		Release|x64 = Release|x64
		Release|x86 = Release|x86
	EndGlobalSection
	GlobalSection(ProjectConfigurationPlatforms) = postSolution
		{56DA1BD8-07AB-400A-BA1A-AB63224FA913}.Debug|Any CPU.ActiveCfg = Debug|Any CPU
		{56DA1BD8-07AB-400A-BA1A-AB63224FA913}.Debug|Any CPU.Build.0 = Debug|Any CPU
		{56DA1BD8-07AB-400A-BA1A-AB63224FA913}.Debug|x64.ActiveCfg = Debug|Any CPU
		{56DA1BD8-07AB-400A-BA1A-AB63224FA913}.Debug|x64.Build.0 = Debug|Any CPU
		{56DA1BD8-07AB-400A-BA1A-AB63224FA913}.Debug|x86.ActiveCfg = Debug|Any CPU
		{56DA1BD8-07AB-400A-BA1A-AB63224FA913}.Debug|x86.Build.0 = Debug|Any CPU
		{56DA1BD8-07AB-400A-BA1A-AB63224FA913}.Release|Any CPU.ActiveCfg = Release|Any CPU
		{56DA1BD8-07AB-400A-BA1A-AB63224FA913}.Release|Any CPU.Build.0 = Release|Any CPU
		{56DA1BD8-07AB-400A-BA1A-AB63224FA913}.Release|x64.ActiveCfg = Release|Any CPU
		{56DA1BD8-07AB-400A-BA1A-AB63224FA913}.Release|x64.Build.0 = Release|Any CPU
		{56DA1BD8-07AB-400A-BA1A-AB63224FA913}.Release|x86.ActiveCfg = Release|Any CPU
		{56DA1BD8-07AB-400A-BA1A-AB63224FA913}.Release|x86.Build.0 = Release|Any CPU
		{A6B5696A-5379-46A2-9223-3D5E3816A2E7}.Debug|Any CPU.ActiveCfg = Debug|Any CPU
		{A6B5696A-5379-46A2-9223-3D5E3816A2E7}.Debug|Any CPU.Build.0 = Debug|Any CPU
		{A6B5696A-5379-46A2-9223-3D5E3816A2E7}.Debug|x64.ActiveCfg = Debug|Any CPU
		{A6B5696A-5379-46A2-9223-3D5E3816A2E7}.Debug|x64.Build.0 = Debug|Any CPU
		{A6B5696A-5379-46A2-9223-3D5E3816A2E7}.Debug|x86.ActiveCfg = Debug|Any CPU
		{A6B5696A-5379-46A2-9223-3D5E3816A2E7}.Debug|x86.Build.0 = Debug|Any CPU
		{A6B5696A-5379-46A2-9223-3D5E3816A2E7}.Release|Any CPU.ActiveCfg = Release|Any CPU
		{A6B5696A-5379-46A2-9223-3D5E3816A2E7}.Release|Any CPU.Build.0 = Release|Any CPU
		{A6B5696A-5379-46A2-9223-3D5E3816A2E7}.Release|x64.ActiveCfg = Release|Any CPU
		{A6B5696A-5379-46A2-9223-3D5E3816A2E7}.Release|x64.Build.0 = Release|Any CPU
		{A6B5696A-5379-46A2-9223-3D5E3816A2E7}.Release|x86.ActiveCfg = Release|Any CPU
		{A6B5696A-5379-46A2-9223-3D5E3816A2E7}.Release|x86.Build.0 = Release|Any CPU
		{0D9177DD-5D99-43A2-BDC9-0F7BE753012A}.Debug|Any CPU.ActiveCfg = Debug|Any CPU
		{0D9177DD-5D99-43A2-BDC9-0F7BE753012A}.Debug|Any CPU.Build.0 = Debug|Any CPU
		{0D9177DD-5D99-43A2-BDC9-0F7BE753012A}.Debug|x64.ActiveCfg = Debug|Any CPU
		{0D9177DD-5D99-43A2-BDC9-0F7BE753012A}.Debug|x64.Build.0 = Debug|Any CPU
		{0D9177DD-5D99-43A2-BDC9-0F7BE753012A}.Debug|x86.ActiveCfg = Debug|Any CPU
		{0D9177DD-5D99-43A2-BDC9-0F7BE753012A}.Debug|x86.Build.0 = Debug|Any CPU
		{0D9177DD-5D99-43A2-BDC9-0F7BE753012A}.Release|Any CPU.ActiveCfg = Release|Any CPU
		{0D9177DD-5D99-43A2-BDC9-0F7BE753012A}.Release|Any CPU.Build.0 = Release|Any CPU
		{0D9177DD-5D99-43A2-BDC9-0F7BE753012A}.Release|x64.ActiveCfg = Release|Any CPU
		{0D9177DD-5D99-43A2-BDC9-0F7BE753012A}.Release|x64.Build.0 = Release|Any CPU
		{0D9177DD-5D99-43A2-BDC9-0F7BE753012A}.Release|x86.ActiveCfg = Release|Any CPU
		{0D9177DD-5D99-43A2-BDC9-0F7BE753012A}.Release|x86.Build.0 = Release|Any CPU
		{24CC7CC0-D197-4760-A24B-A0B557E06B41}.Debug|Any CPU.ActiveCfg = Debug|Any CPU
		{24CC7CC0-D197-4760-A24B-A0B557E06B41}.Debug|Any CPU.Build.0 = Debug|Any CPU
		{24CC7CC0-D197-4760-A24B-A0B557E06B41}.Debug|x64.ActiveCfg = Debug|Any CPU
		{24CC7CC0-D197-4760-A24B-A0B557E06B41}.Debug|x64.Build.0 = Debug|Any CPU
		{24CC7CC0-D197-4760-A24B-A0B557E06B41}.Debug|x86.ActiveCfg = Debug|Any CPU
		{24CC7CC0-D197-4760-A24B-A0B557E06B41}.Debug|x86.Build.0 = Debug|Any CPU
		{24CC7CC0-D197-4760-A24B-A0B557E06B41}.Release|Any CPU.ActiveCfg = Release|Any CPU
		{24CC7CC0-D197-4760-A24B-A0B557E06B41}.Release|Any CPU.Build.0 = Release|Any CPU
		{24CC7CC0-D197-4760-A24B-A0B557E06B41}.Release|x64.ActiveCfg = Release|Any CPU
		{24CC7CC0-D197-4760-A24B-A0B557E06B41}.Release|x64.Build.0 = Release|Any CPU
		{24CC7CC0-D197-4760-A24B-A0B557E06B41}.Release|x86.ActiveCfg = Release|Any CPU
		{24CC7CC0-D197-4760-A24B-A0B557E06B41}.Release|x86.Build.0 = Release|Any CPU
	EndGlobalSection
	GlobalSection(SolutionProperties) = preSolution
		HideSolutionNode = FALSE
	EndGlobalSection
EndGlobal
